
Microsoft Visual Studio Solution File, Format Version 12.00
Project("{2150E333-8FDC-42A3-9474-1A3956D46DE8}") = "Modules", "Modules", "{B3A679EF-A6D4-4FE5-B65F-B893B3D658F0}"
EndProject
Project("{2150E333-8FDC-42A3-9474-1A3956D46DE8}") = "Delivery", "Delivery", "{3FBA2463-0074-4F20-9EC3-93402A56267E}"
EndProject
Project("{2150E333-8FDC-42A3-9474-1A3956D46DE8}") = "src", "src", "{EC9D9D34-D503-49C6-A800-211BF88EC72A}"
EndProject
Project("{2150E333-8FDC-42A3-9474-1A3956D46DE8}") = "test", "test", "{B9E50DE5-B258-455B-8532-D5B0BC891B57}"
EndProject
Project("{2150E333-8FDC-42A3-9474-1A3956D46DE8}") = "Sales", "Sales", "{11375FAE-E045-43F4-9C41-B29568FB5975}"
EndProject
Project("{2150E333-8FDC-42A3-9474-1A3956D46DE8}") = "Loyalty", "Loyalty", "{89B2275F-66DB-4EE2-8A8B-2DE9E25AF4B4}"
EndProject
Project("{2150E333-8FDC-42A3-9474-1A3956D46DE8}") = "Marketing", "Marketing", "{5B00F542-3662-4E61-92BC-5A284640B74B}"
EndProject
Project("{2150E333-8FDC-42A3-9474-1A3956D46DE8}") = "src", "src", "{A08CF093-564C-41C6-A574-947535BF10C9}"
EndProject
Project("{FAE04EC0-301F-11D3-BF4B-00C04F79EFBC}") = "TeamLink.Bootstrapper", "TeamLink.Bootstrapper\TeamLink.Bootstrapper.csproj", "{BFBF1324-43BF-45C1-8247-FED42AEDC3DA}"
EndProject
Project("{FAE04EC0-301F-11D3-BF4B-00C04F79EFBC}") = "TeamLink.Infrastructure", "TeamLink.Infrastructure\TeamLink.Infrastructure.csproj", "{A2CAFDE5-3226-477B-ADEE-FBBDCEF8B636}"
EndProject
Project("{FAE04EC0-301F-11D3-BF4B-00C04F79EFBC}") = "TeamLink.Delivery", "TeamLink.Delivery\TeamLink.Delivery.csproj", "{9E13B770-A222-40AC-943F-6F8D1F7CFEE8}"
EndProject
Project("{FAE04EC0-301F-11D3-BF4B-00C04F79EFBC}") = "TeamLink.Sales", "TeamLink.Sales\TeamLink.Sales.csproj", "{69ABF115-B49B-4DD0-BC1E-4F607799EF62}"
EndProject
Global
	GlobalSection(SolutionConfigurationPlatforms) = preSolution
		Debug|Any CPU = Debug|Any CPU
		Release|Any CPU = Release|Any CPU
	EndGlobalSection
	GlobalSection(ProjectConfigurationPlatforms) = postSolution
		{BFBF1324-43BF-45C1-8247-FED42AEDC3DA}.Debug|Any CPU.ActiveCfg = Debug|Any CPU
		{BFBF1324-43BF-45C1-8247-FED42AEDC3DA}.Debug|Any CPU.Build.0 = Debug|Any CPU
		{BFBF1324-43BF-45C1-8247-FED42AEDC3DA}.Release|Any CPU.ActiveCfg = Release|Any CPU
		{BFBF1324-43BF-45C1-8247-FED42AEDC3DA}.Release|Any CPU.Build.0 = Release|Any CPU
		{A2CAFDE5-3226-477B-ADEE-FBBDCEF8B636}.Debug|Any CPU.ActiveCfg = Debug|Any CPU
		{A2CAFDE5-3226-477B-ADEE-FBBDCEF8B636}.Debug|Any CPU.Build.0 = Debug|Any CPU
		{A2CAFDE5-3226-477B-ADEE-FBBDCEF8B636}.Release|Any CPU.ActiveCfg = Release|Any CPU
		{A2CAFDE5-3226-477B-ADEE-FBBDCEF8B636}.Release|Any CPU.Build.0 = Release|Any CPU
		{9E13B770-A222-40AC-943F-6F8D1F7CFEE8}.Debug|Any CPU.ActiveCfg = Debug|Any CPU
		{9E13B770-A222-40AC-943F-6F8D1F7CFEE8}.Debug|Any CPU.Build.0 = Debug|Any CPU
		{9E13B770-A222-40AC-943F-6F8D1F7CFEE8}.Release|Any CPU.ActiveCfg = Release|Any CPU
		{9E13B770-A222-40AC-943F-6F8D1F7CFEE8}.Release|Any CPU.Build.0 = Release|Any CPU
		{69ABF115-B49B-4DD0-BC1E-4F607799EF62}.Debug|Any CPU.ActiveCfg = Debug|Any CPU
		{69ABF115-B49B-4DD0-BC1E-4F607799EF62}.Debug|Any CPU.Build.0 = Debug|Any CPU
		{69ABF115-B49B-4DD0-BC1E-4F607799EF62}.Release|Any CPU.ActiveCfg = Release|Any CPU
		{69ABF115-B49B-4DD0-BC1E-4F607799EF62}.Release|Any CPU.Build.0 = Release|Any CPU
	EndGlobalSection
	GlobalSection(NestedProjects) = preSolution
		{3FBA2463-0074-4F20-9EC3-93402A56267E} = {B3A679EF-A6D4-4FE5-B65F-B893B3D658F0}
		{EC9D9D34-D503-49C6-A800-211BF88EC72A} = {3FBA2463-0074-4F20-9EC3-93402A56267E}
		{B9E50DE5-B258-455B-8532-D5B0BC891B57} = {3FBA2463-0074-4F20-9EC3-93402A56267E}
		{11375FAE-E045-43F4-9C41-B29568FB5975} = {B3A679EF-A6D4-4FE5-B65F-B893B3D658F0}
		{89B2275F-66DB-4EE2-8A8B-2DE9E25AF4B4} = {B3A679EF-A6D4-4FE5-B65F-B893B3D658F0}
		{5B00F542-3662-4E61-92BC-5A284640B74B} = {B3A679EF-A6D4-4FE5-B65F-B893B3D658F0}
		{A08CF093-564C-41C6-A574-947535BF10C9} = {11375FAE-E045-43F4-9C41-B29568FB5975}
		{9E13B770-A222-40AC-943F-6F8D1F7CFEE8} = {EC9D9D34-D503-49C6-A800-211BF88EC72A}
		{69ABF115-B49B-4DD0-BC1E-4F607799EF62} = {A08CF093-564C-41C6-A574-947535BF10C9}
	EndGlobalSection
EndGlobal
